
Microsoft Visual Studio Solution File, Format Version 12.00
# Visual Studio Version 16
VisualStudioVersion = 16.0.29503.13
MinimumVisualStudioVersion = 10.0.40219.1
Project("{FAE04EC0-301F-11D3-BF4B-00C04F79EFBC}") = "dnepercoin-core", "dnepercoin-core\dnepercoin-core.csproj", "{56F456DF-DA12-4690-86C7-30D8121AEE38}"
EndProject
Global
	GlobalSection(SolutionConfigurationPlatforms) = preSolution
		Debug|Any CPU = Debug|Any CPU
		Release|Any CPU = Release|Any CPU
	EndGlobalSection
	GlobalSection(ProjectConfigurationPlatforms) = postSolution
		{56F456DF-DA12-4690-86C7-30D8121AEE38}.Debug|Any CPU.ActiveCfg = Debug|Any CPU
		{56F456DF-DA12-4690-86C7-30D8121AEE38}.Debug|Any CPU.Build.0 = Debug|Any CPU
		{56F456DF-DA12-4690-86C7-30D8121AEE38}.Release|Any CPU.ActiveCfg = Release|Any CPU
		{56F456DF-DA12-4690-86C7-30D8121AEE38}.Release|Any CPU.Build.0 = Release|Any CPU
	EndGlobalSection
	GlobalSection(SolutionProperties) = preSolution
		HideSolutionNode = FALSE
	EndGlobalSection
	GlobalSection(ExtensibilityGlobals) = postSolution
		SolutionGuid = {38B0D6DA-F26B-47F0-9747-117FF2F6E3C8}
	EndGlobalSection
EndGlobal
